
Microsoft Visual Studio Solution File, Format Version 12.00
# Visual Studio Version 17
VisualStudioVersion = 17.6.33706.43
MinimumVisualStudioVersion = 10.0.40219.1
Project("{9A19103F-16F7-4668-BE54-9A1E7A4F7556}") = "BulkyBookWeb", "BulkyWeb\BulkyBookWeb.csproj", "{FEDE40A6-7684-4DEE-900B-B9EF753E8F9C}"
EndProject
Project("{9A19103F-16F7-4668-BE54-9A1E7A4F7556}") = "BulkyBook.DataAccess", "Bulky.DataAccess\BulkyBook.DataAccess.csproj", "{C2CDBBB1-01E8-452B-8322-6D63C6309792}"
EndProject
Project("{9A19103F-16F7-4668-BE54-9A1E7A4F7556}") = "BulkyBook.Models", "Bulky.Models\BulkyBook.Models.csproj", "{9CB2200D-7B38-40AC-A614-B351F1AD2182}"
EndProject
Project("{9A19103F-16F7-4668-BE54-9A1E7A4F7556}") = "BulkyBook.Utility", "Bulky.Utility\BulkyBook.Utility.csproj", "{D499AB71-5B19-4F01-A95B-EA6ECA332D89}"
EndProject
Global
	GlobalSection(SolutionConfigurationPlatforms) = preSolution
		Debug|Any CPU = Debug|Any CPU
		Release|Any CPU = Release|Any CPU
	EndGlobalSection
	GlobalSection(ProjectConfigurationPlatforms) = postSolution
		{FEDE40A6-7684-4DEE-900B-B9EF753E8F9C}.Debug|Any CPU.ActiveCfg = Debug|Any CPU
		{FEDE40A6-7684-4DEE-900B-B9EF753E8F9C}.Debug|Any CPU.Build.0 = Debug|Any CPU
		{FEDE40A6-7684-4DEE-900B-B9EF753E8F9C}.Release|Any CPU.ActiveCfg = Release|Any CPU
		{FEDE40A6-7684-4DEE-900B-B9EF753E8F9C}.Release|Any CPU.Build.0 = Release|Any CPU
		{C2CDBBB1-01E8-452B-8322-6D63C6309792}.Debug|Any CPU.ActiveCfg = Debug|Any CPU
		{C2CDBBB1-01E8-452B-8322-6D63C6309792}.Debug|Any CPU.Build.0 = Debug|Any CPU
		{C2CDBBB1-01E8-452B-8322-6D63C6309792}.Release|Any CPU.ActiveCfg = Release|Any CPU
		{C2CDBBB1-01E8-452B-8322-6D63C6309792}.Release|Any CPU.Build.0 = Release|Any CPU
		{9CB2200D-7B38-40AC-A614-B351F1AD2182}.Debug|Any CPU.ActiveCfg = Debug|Any CPU
		{9CB2200D-7B38-40AC-A614-B351F1AD2182}.Debug|Any CPU.Build.0 = Debug|Any CPU
		{9CB2200D-7B38-40AC-A614-B351F1AD2182}.Release|Any CPU.ActiveCfg = Release|Any CPU
		{9CB2200D-7B38-40AC-A614-B351F1AD2182}.Release|Any CPU.Build.0 = Release|Any CPU
		{D499AB71-5B19-4F01-A95B-EA6ECA332D89}.Debug|Any CPU.ActiveCfg = Debug|Any CPU
		{D499AB71-5B19-4F01-A95B-EA6ECA332D89}.Debug|Any CPU.Build.0 = Debug|Any CPU
		{D499AB71-5B19-4F01-A95B-EA6ECA332D89}.Release|Any CPU.ActiveCfg = Release|Any CPU
		{D499AB71-5B19-4F01-A95B-EA6ECA332D89}.Release|Any CPU.Build.0 = Release|Any CPU
	EndGlobalSection
	GlobalSection(SolutionProperties) = preSolution
		HideSolutionNode = FALSE
	EndGlobalSection
	GlobalSection(ExtensibilityGlobals) = postSolution
		SolutionGuid = {96A813A6-15F5-43DA-B326-93BA1E70A351}
	EndGlobalSection
EndGlobal
